// !$*UTF8*$!
{
	archiveVersion = 1;
	classes = {
	};
	objectVersion = 50;
	objects = {

/* Begin PBXBuildFile section */
		58D70D2C8E6D973DE414EADC /* Pods_ImageCrawler.framework in Frameworks */ = {isa = PBXBuildFile; fileRef = D803CF74250C689865E467AB /* Pods_ImageCrawler.framework */; };
		771EAC49212DA90C00098B2A /* GridFlowLayout.swift in Sources */ = {isa = PBXBuildFile; fileRef = D8C166D3212BE7FF00026283 /* GridFlowLayout.swift */; };
		771EAC4A212DA90C00098B2A /* ImagesViewController.swift in Sources */ = {isa = PBXBuildFile; fileRef = 770B934B212D947C00A48A46 /* ImagesViewController.swift */; };
		771EAC4B212DA90C00098B2A /* ImageCell.swift in Sources */ = {isa = PBXBuildFile; fileRef = D8C166D1212BE6A700026283 /* ImageCell.swift */; };
		771EAC4C212DA90C00098B2A /* UIView+Layout.swift in Sources */ = {isa = PBXBuildFile; fileRef = D86427C3212D643E003C44D8 /* UIView+Layout.swift */; };
		771EAC4D212DA90C00098B2A /* placeholder_error.png in Resources */ = {isa = PBXBuildFile; fileRef = D86427BB212D3B28003C44D8 /* placeholder_error.png */; };
		771EAC4E212DA90C00098B2A /* placeholder.png in Resources */ = {isa = PBXBuildFile; fileRef = D86427BF212D52DB003C44D8 /* placeholder.png */; };
		771EAC52212DAD8900098B2A /* GridFlowLayout.swift in Sources */ = {isa = PBXBuildFile; fileRef = D8C166D3212BE7FF00026283 /* GridFlowLayout.swift */; };
		771EAC53212DAD8D00098B2A /* ImagesViewController.swift in Sources */ = {isa = PBXBuildFile; fileRef = 770B934B212D947C00A48A46 /* ImagesViewController.swift */; };
		771EAC54212DAD8D00098B2A /* ImageCell.swift in Sources */ = {isa = PBXBuildFile; fileRef = D8C166D1212BE6A700026283 /* ImageCell.swift */; };
		771EAC55212DAD8D00098B2A /* UIView+Layout.swift in Sources */ = {isa = PBXBuildFile; fileRef = D86427C3212D643E003C44D8 /* UIView+Layout.swift */; };
		771EAC56212DAD8D00098B2A /* placeholder_error.png in Resources */ = {isa = PBXBuildFile; fileRef = D86427BB212D3B28003C44D8 /* placeholder_error.png */; };
		771EAC57212DAD8D00098B2A /* placeholder.png in Resources */ = {isa = PBXBuildFile; fileRef = D86427BF212D52DB003C44D8 /* placeholder.png */; };
		A4ACA3E4D198E0B424C70EA9 /* Pods_CrawlerExtension.framework in Frameworks */ = {isa = PBXBuildFile; fileRef = 2FAD09F38AD4E78120347018 /* Pods_CrawlerExtension.framework */; };
		D86427C2212D5EDA003C44D8 /* WebViewController.swift in Sources */ = {isa = PBXBuildFile; fileRef = D86427C1212D5EDA003C44D8 /* WebViewController.swift */; };
		D86427C6212D6885003C44D8 /* SwiftWebVC.swift in Sources */ = {isa = PBXBuildFile; fileRef = D86427C5212D6884003C44D8 /* SwiftWebVC.swift */; };
		D86427CA212D688B003C44D8 /* SwiftWebVCActivity.swift in Sources */ = {isa = PBXBuildFile; fileRef = D86427C7212D688B003C44D8 /* SwiftWebVCActivity.swift */; };
		D86427CB212D688B003C44D8 /* SwiftWebVCActivityChrome.swift in Sources */ = {isa = PBXBuildFile; fileRef = D86427C8212D688B003C44D8 /* SwiftWebVCActivityChrome.swift */; };
		D86427CC212D688B003C44D8 /* SwiftWebVCActivitySafari.swift in Sources */ = {isa = PBXBuildFile; fileRef = D86427C9212D688B003C44D8 /* SwiftWebVCActivitySafari.swift */; };
		D86427DA212D689C003C44D8 /* SwiftWebVC.strings in Resources */ = {isa = PBXBuildFile; fileRef = D86427CE212D689B003C44D8 /* SwiftWebVC.strings */; };
		D86427DC212D68A7003C44D8 /* Media.xcassets in Resources */ = {isa = PBXBuildFile; fileRef = D86427DB212D68A7003C44D8 /* Media.xcassets */; };
		D8C1668B212BB6AA00026283 /* AppDelegate.swift in Sources */ = {isa = PBXBuildFile; fileRef = D8C1668A212BB6AA00026283 /* AppDelegate.swift */; };
		D8C1668D212BB6AA00026283 /* HomeViewController.swift in Sources */ = {isa = PBXBuildFile; fileRef = D8C1668C212BB6AA00026283 /* HomeViewController.swift */; };
		D8C16690212BB6AA00026283 /* Main.storyboard in Resources */ = {isa = PBXBuildFile; fileRef = D8C1668E212BB6AA00026283 /* Main.storyboard */; };
		D8C16692212BB6AD00026283 /* Assets.xcassets in Resources */ = {isa = PBXBuildFile; fileRef = D8C16691212BB6AD00026283 /* Assets.xcassets */; };
		D8C16695212BB6AD00026283 /* LaunchScreen.storyboard in Resources */ = {isa = PBXBuildFile; fileRef = D8C16693212BB6AD00026283 /* LaunchScreen.storyboard */; };
		D8C166BF212BB6E800026283 /* ActionViewController.swift in Sources */ = {isa = PBXBuildFile; fileRef = D8C166BE212BB6E800026283 /* ActionViewController.swift */; };
		D8C166C2212BB6E800026283 /* MainInterface.storyboard in Resources */ = {isa = PBXBuildFile; fileRef = D8C166C0212BB6E800026283 /* MainInterface.storyboard */; };
		D8C166C6212BB6E800026283 /* CrawlerExtension.appex in Embed App Extensions */ = {isa = PBXBuildFile; fileRef = D8C166BC212BB6E800026283 /* CrawlerExtension.appex */; settings = {ATTRIBUTES = (RemoveHeadersOnCopy, ); }; };
		D8C166D0212BB80E00026283 /* Action.js in Resources */ = {isa = PBXBuildFile; fileRef = D8C166CF212BB80E00026283 /* Action.js */; };
/* End PBXBuildFile section */

/* Begin PBXContainerItemProxy section */
		D8C166C4212BB6E800026283 /* PBXContainerItemProxy */ = {
			isa = PBXContainerItemProxy;
			containerPortal = D8C1667F212BB6AA00026283 /* Project object */;
			proxyType = 1;
			remoteGlobalIDString = D8C166BB212BB6E800026283;
			remoteInfo = CrawlerExtension;
		};
/* End PBXContainerItemProxy section */

/* Begin PBXCopyFilesBuildPhase section */
		770B936C212D959600A48A46 /* Embed Frameworks */ = {
			isa = PBXCopyFilesBuildPhase;
			buildActionMask = 2147483647;
			dstPath = "";
			dstSubfolderSpec = 10;
			files = (
			);
			name = "Embed Frameworks";
			runOnlyForDeploymentPostprocessing = 0;
		};
		D8C166CA212BB6E800026283 /* Embed App Extensions */ = {
			isa = PBXCopyFilesBuildPhase;
			buildActionMask = 2147483647;
			dstPath = "";
			dstSubfolderSpec = 13;
			files = (
				D8C166C6212BB6E800026283 /* CrawlerExtension.appex in Embed App Extensions */,
			);
			name = "Embed App Extensions";
			runOnlyForDeploymentPostprocessing = 0;
		};
/* End PBXCopyFilesBuildPhase section */

/* Begin PBXFileReference section */
		02A38D58E328D87938820E02 /* Pods-ImageCrawler.debug.xcconfig */ = {isa = PBXFileReference; includeInIndex = 1; lastKnownFileType = text.xcconfig; name = "Pods-ImageCrawler.debug.xcconfig"; path = "Pods/Target Support Files/Pods-ImageCrawler/Pods-ImageCrawler.debug.xcconfig"; sourceTree = "<group>"; };
		29CF1AC9902C83DD55373976 /* Pods-CrawlerExtension.debug.xcconfig */ = {isa = PBXFileReference; includeInIndex = 1; lastKnownFileType = text.xcconfig; name = "Pods-CrawlerExtension.debug.xcconfig"; path = "Pods/Target Support Files/Pods-CrawlerExtension/Pods-CrawlerExtension.debug.xcconfig"; sourceTree = "<group>"; };
		2FAD09F38AD4E78120347018 /* Pods_CrawlerExtension.framework */ = {isa = PBXFileReference; explicitFileType = wrapper.framework; includeInIndex = 0; path = Pods_CrawlerExtension.framework; sourceTree = BUILT_PRODUCTS_DIR; };
		3E78F7932B018A9BC95D4901 /* Pods-ImageCrawlerTests.release.xcconfig */ = {isa = PBXFileReference; includeInIndex = 1; lastKnownFileType = text.xcconfig; name = "Pods-ImageCrawlerTests.release.xcconfig"; path = "Pods/Target Support Files/Pods-ImageCrawlerTests/Pods-ImageCrawlerTests.release.xcconfig"; sourceTree = "<group>"; };
		4818198019107B4CDB3C78CC /* Pods_ImageCrawlerTests.framework */ = {isa = PBXFileReference; explicitFileType = wrapper.framework; includeInIndex = 0; path = Pods_ImageCrawlerTests.framework; sourceTree = BUILT_PRODUCTS_DIR; };
		770B934B212D947C00A48A46 /* ImagesViewController.swift */ = {isa = PBXFileReference; lastKnownFileType = sourcecode.swift; path = ImagesViewController.swift; sourceTree = "<group>"; };
		771EAC20212DA6DD00098B2A /* ATGMediaBrowser.framework */ = {isa = PBXFileReference; explicitFileType = wrapper.framework; path = ATGMediaBrowser.framework; sourceTree = BUILT_PRODUCTS_DIR; };
		771EAC22212DA6DD00098B2A /* Kingfisher.framework */ = {isa = PBXFileReference; explicitFileType = wrapper.framework; path = Kingfisher.framework; sourceTree = BUILT_PRODUCTS_DIR; };
		771EAC24212DA6DD00098B2A /* KingfisherWebP.framework */ = {isa = PBXFileReference; explicitFileType = wrapper.framework; path = KingfisherWebP.framework; sourceTree = BUILT_PRODUCTS_DIR; };
		771EAC26212DA6DD00098B2A /* libwebp.framework */ = {isa = PBXFileReference; explicitFileType = wrapper.framework; path = libwebp.framework; sourceTree = BUILT_PRODUCTS_DIR; };
		8F7CCE661F6809A06522AF92 /* Pods-ImageCrawler.release.xcconfig */ = {isa = PBXFileReference; includeInIndex = 1; lastKnownFileType = text.xcconfig; name = "Pods-ImageCrawler.release.xcconfig"; path = "Pods/Target Support Files/Pods-ImageCrawler/Pods-ImageCrawler.release.xcconfig"; sourceTree = "<group>"; };
		97F86A2EAD6EFA9398AAFFD2 /* Pods_CrawlerCore.framework */ = {isa = PBXFileReference; explicitFileType = wrapper.framework; includeInIndex = 0; path = Pods_CrawlerCore.framework; sourceTree = BUILT_PRODUCTS_DIR; };
		9C730C5B217258A8E7A074D0 /* Pods-CrawlerExtension.release.xcconfig */ = {isa = PBXFileReference; includeInIndex = 1; lastKnownFileType = text.xcconfig; name = "Pods-CrawlerExtension.release.xcconfig"; path = "Pods/Target Support Files/Pods-CrawlerExtension/Pods-CrawlerExtension.release.xcconfig"; sourceTree = "<group>"; };
		9C7BF118A19A793B426973B1 /* Pods-ImageCrawlerUITests.debug.xcconfig */ = {isa = PBXFileReference; includeInIndex = 1; lastKnownFileType = text.xcconfig; name = "Pods-ImageCrawlerUITests.debug.xcconfig"; path = "Pods/Target Support Files/Pods-ImageCrawlerUITests/Pods-ImageCrawlerUITests.debug.xcconfig"; sourceTree = "<group>"; };
		C25A914DFAFFB89C085AD6A0 /* Pods-ImageCrawlerUITests.release.xcconfig */ = {isa = PBXFileReference; includeInIndex = 1; lastKnownFileType = text.xcconfig; name = "Pods-ImageCrawlerUITests.release.xcconfig"; path = "Pods/Target Support Files/Pods-ImageCrawlerUITests/Pods-ImageCrawlerUITests.release.xcconfig"; sourceTree = "<group>"; };
		D803CF74250C689865E467AB /* Pods_ImageCrawler.framework */ = {isa = PBXFileReference; explicitFileType = wrapper.framework; includeInIndex = 0; path = Pods_ImageCrawler.framework; sourceTree = BUILT_PRODUCTS_DIR; };
		D86427BB212D3B28003C44D8 /* placeholder_error.png */ = {isa = PBXFileReference; lastKnownFileType = image.png; path = placeholder_error.png; sourceTree = "<group>"; };
		D86427BF212D52DB003C44D8 /* placeholder.png */ = {isa = PBXFileReference; lastKnownFileType = image.png; path = placeholder.png; sourceTree = "<group>"; };
		D86427C1212D5EDA003C44D8 /* WebViewController.swift */ = {isa = PBXFileReference; lastKnownFileType = sourcecode.swift; path = WebViewController.swift; sourceTree = "<group>"; };
		D86427C3212D643E003C44D8 /* UIView+Layout.swift */ = {isa = PBXFileReference; fileEncoding = 4; lastKnownFileType = sourcecode.swift; path = "UIView+Layout.swift"; sourceTree = "<group>"; };
		D86427C5212D6884003C44D8 /* SwiftWebVC.swift */ = {isa = PBXFileReference; fileEncoding = 4; lastKnownFileType = sourcecode.swift; path = SwiftWebVC.swift; sourceTree = "<group>"; };
		D86427C7212D688B003C44D8 /* SwiftWebVCActivity.swift */ = {isa = PBXFileReference; fileEncoding = 4; lastKnownFileType = sourcecode.swift; path = SwiftWebVCActivity.swift; sourceTree = "<group>"; };
		D86427C8212D688B003C44D8 /* SwiftWebVCActivityChrome.swift */ = {isa = PBXFileReference; fileEncoding = 4; lastKnownFileType = sourcecode.swift; path = SwiftWebVCActivityChrome.swift; sourceTree = "<group>"; };
		D86427C9212D688B003C44D8 /* SwiftWebVCActivitySafari.swift */ = {isa = PBXFileReference; fileEncoding = 4; lastKnownFileType = sourcecode.swift; path = SwiftWebVCActivitySafari.swift; sourceTree = "<group>"; };
		D86427CF212D689B003C44D8 /* de */ = {isa = PBXFileReference; lastKnownFileType = text.plist.strings; name = de; path = de.lproj/SwiftWebVC.strings; sourceTree = "<group>"; };
		D86427D0212D689B003C44D8 /* zh-Hans */ = {isa = PBXFileReference; lastKnownFileType = text.plist.strings; name = "zh-Hans"; path = "zh-Hans.lproj/SwiftWebVC.strings"; sourceTree = "<group>"; };
		D86427D1212D689B003C44D8 /* ja */ = {isa = PBXFileReference; lastKnownFileType = text.plist.strings; name = ja; path = ja.lproj/SwiftWebVC.strings; sourceTree = "<group>"; };
		D86427D2212D689B003C44D8 /* en */ = {isa = PBXFileReference; lastKnownFileType = text.plist.strings; name = en; path = en.lproj/SwiftWebVC.strings; sourceTree = "<group>"; };
		D86427D3212D689B003C44D8 /* es */ = {isa = PBXFileReference; lastKnownFileType = text.plist.strings; name = es; path = es.lproj/SwiftWebVC.strings; sourceTree = "<group>"; };
		D86427D4212D689B003C44D8 /* da */ = {isa = PBXFileReference; lastKnownFileType = text.plist.strings; name = da; path = da.lproj/SwiftWebVC.strings; sourceTree = "<group>"; };
		D86427D5212D689B003C44D8 /* es-ES */ = {isa = PBXFileReference; lastKnownFileType = text.plist.strings; name = "es-ES"; path = "es-ES.lproj/SwiftWebVC.strings"; sourceTree = "<group>"; };
		D86427D6212D689B003C44D8 /* zh-Hant */ = {isa = PBXFileReference; lastKnownFileType = text.plist.strings; name = "zh-Hant"; path = "zh-Hant.lproj/SwiftWebVC.strings"; sourceTree = "<group>"; };
		D86427D7212D689B003C44D8 /* vi */ = {isa = PBXFileReference; lastKnownFileType = text.plist.strings; name = vi; path = vi.lproj/SwiftWebVC.strings; sourceTree = "<group>"; };
		D86427D8212D689B003C44D8 /* fr */ = {isa = PBXFileReference; lastKnownFileType = text.plist.strings; name = fr; path = fr.lproj/SwiftWebVC.strings; sourceTree = "<group>"; };
		D86427D9212D689B003C44D8 /* pt */ = {isa = PBXFileReference; lastKnownFileType = text.plist.strings; name = pt; path = pt.lproj/SwiftWebVC.strings; sourceTree = "<group>"; };
		D86427DB212D68A7003C44D8 /* Media.xcassets */ = {isa = PBXFileReference; lastKnownFileType = folder.assetcatalog; path = Media.xcassets; sourceTree = "<group>"; };
		D8C16687212BB6AA00026283 /* ImageCrawler.app */ = {isa = PBXFileReference; explicitFileType = wrapper.application; includeInIndex = 0; path = ImageCrawler.app; sourceTree = BUILT_PRODUCTS_DIR; };
		D8C1668A212BB6AA00026283 /* AppDelegate.swift */ = {isa = PBXFileReference; lastKnownFileType = sourcecode.swift; path = AppDelegate.swift; sourceTree = "<group>"; };
		D8C1668C212BB6AA00026283 /* HomeViewController.swift */ = {isa = PBXFileReference; lastKnownFileType = sourcecode.swift; path = HomeViewController.swift; sourceTree = "<group>"; };
		D8C1668F212BB6AA00026283 /* Base */ = {isa = PBXFileReference; lastKnownFileType = file.storyboard; name = Base; path = Base.lproj/Main.storyboard; sourceTree = "<group>"; };
		D8C16691212BB6AD00026283 /* Assets.xcassets */ = {isa = PBXFileReference; lastKnownFileType = folder.assetcatalog; path = Assets.xcassets; sourceTree = "<group>"; };
		D8C16694212BB6AD00026283 /* Base */ = {isa = PBXFileReference; lastKnownFileType = file.storyboard; name = Base; path = Base.lproj/LaunchScreen.storyboard; sourceTree = "<group>"; };
		D8C16696212BB6AD00026283 /* Info.plist */ = {isa = PBXFileReference; lastKnownFileType = text.plist.xml; path = Info.plist; sourceTree = "<group>"; };
		D8C166BC212BB6E800026283 /* CrawlerExtension.appex */ = {isa = PBXFileReference; explicitFileType = "wrapper.app-extension"; includeInIndex = 0; path = CrawlerExtension.appex; sourceTree = BUILT_PRODUCTS_DIR; };
		D8C166BE212BB6E800026283 /* ActionViewController.swift */ = {isa = PBXFileReference; lastKnownFileType = sourcecode.swift; path = ActionViewController.swift; sourceTree = "<group>"; };
		D8C166C1212BB6E800026283 /* Base */ = {isa = PBXFileReference; lastKnownFileType = file.storyboard; name = Base; path = Base.lproj/MainInterface.storyboard; sourceTree = "<group>"; };
		D8C166C3212BB6E800026283 /* Info.plist */ = {isa = PBXFileReference; lastKnownFileType = text.plist.xml; path = Info.plist; sourceTree = "<group>"; };
		D8C166CF212BB80E00026283 /* Action.js */ = {isa = PBXFileReference; fileEncoding = 4; lastKnownFileType = sourcecode.javascript; path = Action.js; sourceTree = "<group>"; };
		D8C166D1212BE6A700026283 /* ImageCell.swift */ = {isa = PBXFileReference; lastKnownFileType = sourcecode.swift; path = ImageCell.swift; sourceTree = "<group>"; };
		D8C166D3212BE7FF00026283 /* GridFlowLayout.swift */ = {isa = PBXFileReference; lastKnownFileType = sourcecode.swift; path = GridFlowLayout.swift; sourceTree = "<group>"; };
		E8E822C99A92DC5A927630D6 /* Pods-ImageCrawlerTests.debug.xcconfig */ = {isa = PBXFileReference; includeInIndex = 1; lastKnownFileType = text.xcconfig; name = "Pods-ImageCrawlerTests.debug.xcconfig"; path = "Pods/Target Support Files/Pods-ImageCrawlerTests/Pods-ImageCrawlerTests.debug.xcconfig"; sourceTree = "<group>"; };
		EE10BC804ABD9BA709C8E0B5 /* Pods_ImageCrawlerUITests.framework */ = {isa = PBXFileReference; explicitFileType = wrapper.framework; includeInIndex = 0; path = Pods_ImageCrawlerUITests.framework; sourceTree = BUILT_PRODUCTS_DIR; };
		F696ED7C626C11AEA518FA79 /* Pods-CrawlerCore.debug.xcconfig */ = {isa = PBXFileReference; includeInIndex = 1; lastKnownFileType = text.xcconfig; name = "Pods-CrawlerCore.debug.xcconfig"; path = "Pods/Target Support Files/Pods-CrawlerCore/Pods-CrawlerCore.debug.xcconfig"; sourceTree = "<group>"; };
		FDFEBD9CA58F55CB9870136E /* Pods-CrawlerCore.release.xcconfig */ = {isa = PBXFileReference; includeInIndex = 1; lastKnownFileType = text.xcconfig; name = "Pods-CrawlerCore.release.xcconfig"; path = "Pods/Target Support Files/Pods-CrawlerCore/Pods-CrawlerCore.release.xcconfig"; sourceTree = "<group>"; };
/* End PBXFileReference section */

/* Begin PBXFrameworksBuildPhase section */
		D8C16684212BB6AA00026283 /* Frameworks */ = {
			isa = PBXFrameworksBuildPhase;
			buildActionMask = 2147483647;
			files = (
				58D70D2C8E6D973DE414EADC /* Pods_ImageCrawler.framework in Frameworks */,
			);
			runOnlyForDeploymentPostprocessing = 0;
		};
		D8C166B9212BB6E800026283 /* Frameworks */ = {
			isa = PBXFrameworksBuildPhase;
			buildActionMask = 2147483647;
			files = (
				A4ACA3E4D198E0B424C70EA9 /* Pods_CrawlerExtension.framework in Frameworks */,
			);
			runOnlyForDeploymentPostprocessing = 0;
		};
/* End PBXFrameworksBuildPhase section */

/* Begin PBXGroup section */
		53919CD0E75FD5BC2E424ED8 /* Frameworks */ = {
			isa = PBXGroup;
			children = (
				771EAC20212DA6DD00098B2A /* ATGMediaBrowser.framework */,
				771EAC22212DA6DD00098B2A /* Kingfisher.framework */,
				771EAC24212DA6DD00098B2A /* KingfisherWebP.framework */,
				771EAC26212DA6DD00098B2A /* libwebp.framework */,
				2FAD09F38AD4E78120347018 /* Pods_CrawlerExtension.framework */,
				D803CF74250C689865E467AB /* Pods_ImageCrawler.framework */,
				4818198019107B4CDB3C78CC /* Pods_ImageCrawlerTests.framework */,
				EE10BC804ABD9BA709C8E0B5 /* Pods_ImageCrawlerUITests.framework */,
				97F86A2EAD6EFA9398AAFFD2 /* Pods_CrawlerCore.framework */,
			);
			name = Frameworks;
			sourceTree = "<group>";
		};
		68344FAF24536415BE09C674 /* Pods */ = {
			isa = PBXGroup;
			children = (
				29CF1AC9902C83DD55373976 /* Pods-CrawlerExtension.debug.xcconfig */,
				9C730C5B217258A8E7A074D0 /* Pods-CrawlerExtension.release.xcconfig */,
				02A38D58E328D87938820E02 /* Pods-ImageCrawler.debug.xcconfig */,
				8F7CCE661F6809A06522AF92 /* Pods-ImageCrawler.release.xcconfig */,
				E8E822C99A92DC5A927630D6 /* Pods-ImageCrawlerTests.debug.xcconfig */,
				3E78F7932B018A9BC95D4901 /* Pods-ImageCrawlerTests.release.xcconfig */,
				9C7BF118A19A793B426973B1 /* Pods-ImageCrawlerUITests.debug.xcconfig */,
				C25A914DFAFFB89C085AD6A0 /* Pods-ImageCrawlerUITests.release.xcconfig */,
				F696ED7C626C11AEA518FA79 /* Pods-CrawlerCore.debug.xcconfig */,
				FDFEBD9CA58F55CB9870136E /* Pods-CrawlerCore.release.xcconfig */,
			);
			name = Pods;
			sourceTree = "<group>";
		};
		770B93AD212D99A300A48A46 /* Core */ = {
			isa = PBXGroup;
			children = (
				D8C166D3212BE7FF00026283 /* GridFlowLayout.swift */,
				770B934B212D947C00A48A46 /* ImagesViewController.swift */,
				D8C166D1212BE6A700026283 /* ImageCell.swift */,
				D86427C3212D643E003C44D8 /* UIView+Layout.swift */,
				770B93B1212D9A4A00A48A46 /* Icon */,
			);
			path = Core;
			sourceTree = "<group>";
		};
		770B93B1212D9A4A00A48A46 /* Icon */ = {
			isa = PBXGroup;
			children = (
				D86427BB212D3B28003C44D8 /* placeholder_error.png */,
				D86427BF212D52DB003C44D8 /* placeholder.png */,
			);
			path = Icon;
			sourceTree = "<group>";
		};
		D86427CD212D689B003C44D8 /* SwiftWebVC */ = {
			isa = PBXGroup;
			children = (
				D86427C5212D6884003C44D8 /* SwiftWebVC.swift */,
				D86427C7212D688B003C44D8 /* SwiftWebVCActivity.swift */,
				D86427C8212D688B003C44D8 /* SwiftWebVCActivityChrome.swift */,
				D86427C9212D688B003C44D8 /* SwiftWebVCActivitySafari.swift */,
				D86427DB212D68A7003C44D8 /* Media.xcassets */,
				D86427CE212D689B003C44D8 /* SwiftWebVC.strings */,
			);
			path = SwiftWebVC;
			sourceTree = "<group>";
		};
		D8C1667E212BB6AA00026283 = {
			isa = PBXGroup;
			children = (
				770B93AD212D99A300A48A46 /* Core */,
				D8C16689212BB6AA00026283 /* ImageCrawler */,
				D8C166BD212BB6E800026283 /* CrawlerExtension */,
				D8C16688212BB6AA00026283 /* Products */,
				68344FAF24536415BE09C674 /* Pods */,
				53919CD0E75FD5BC2E424ED8 /* Frameworks */,
			);
			sourceTree = "<group>";
		};
		D8C16688212BB6AA00026283 /* Products */ = {
			isa = PBXGroup;
			children = (
				D8C16687212BB6AA00026283 /* ImageCrawler.app */,
				D8C166BC212BB6E800026283 /* CrawlerExtension.appex */,
			);
			name = Products;
			sourceTree = "<group>";
		};
		D8C16689212BB6AA00026283 /* ImageCrawler */ = {
			isa = PBXGroup;
			children = (
				D8C1668A212BB6AA00026283 /* AppDelegate.swift */,
				D8C1668C212BB6AA00026283 /* HomeViewController.swift */,
				D8C1668E212BB6AA00026283 /* Main.storyboard */,
				D8C16691212BB6AD00026283 /* Assets.xcassets */,
				D8C16693212BB6AD00026283 /* LaunchScreen.storyboard */,
				D8C16696212BB6AD00026283 /* Info.plist */,
				D86427C1212D5EDA003C44D8 /* WebViewController.swift */,
				D86427CD212D689B003C44D8 /* SwiftWebVC */,
			);
			path = ImageCrawler;
			sourceTree = "<group>";
		};
		D8C166BD212BB6E800026283 /* CrawlerExtension */ = {
			isa = PBXGroup;
			children = (
				D8C166CF212BB80E00026283 /* Action.js */,
				D8C166BE212BB6E800026283 /* ActionViewController.swift */,
				D8C166C0212BB6E800026283 /* MainInterface.storyboard */,
				D8C166C3212BB6E800026283 /* Info.plist */,
			);
			path = CrawlerExtension;
			sourceTree = "<group>";
		};
/* End PBXGroup section */

/* Begin PBXNativeTarget section */
		D8C16686212BB6AA00026283 /* ImageCrawler */ = {
			isa = PBXNativeTarget;
			buildConfigurationList = D8C166AF212BB6AD00026283 /* Build configuration list for PBXNativeTarget "ImageCrawler" */;
			buildPhases = (
				9D71521F7E87B66ECB5DFD6B /* [CP] Check Pods Manifest.lock */,
				D8C16683212BB6AA00026283 /* Sources */,
				D8C16684212BB6AA00026283 /* Frameworks */,
				D8C16685212BB6AA00026283 /* Resources */,
				D8C166CA212BB6E800026283 /* Embed App Extensions */,
				0F36A481FF420C8F881375D1 /* [CP] Embed Pods Frameworks */,
				770B936C212D959600A48A46 /* Embed Frameworks */,
			);
			buildRules = (
			);
			dependencies = (
				D8C166C5212BB6E800026283 /* PBXTargetDependency */,
			);
			name = ImageCrawler;
			productName = ImageCrawler;
			productReference = D8C16687212BB6AA00026283 /* ImageCrawler.app */;
			productType = "com.apple.product-type.application";
		};
		D8C166BB212BB6E800026283 /* CrawlerExtension */ = {
			isa = PBXNativeTarget;
			buildConfigurationList = D8C166C7212BB6E800026283 /* Build configuration list for PBXNativeTarget "CrawlerExtension" */;
			buildPhases = (
				92DA212587FA6E47798CCA1B /* [CP] Check Pods Manifest.lock */,
				D8C166B8212BB6E800026283 /* Sources */,
				D8C166B9212BB6E800026283 /* Frameworks */,
				D8C166BA212BB6E800026283 /* Resources */,
			);
			buildRules = (
			);
			dependencies = (
			);
			name = CrawlerExtension;
			productName = CrawlerExtension;
			productReference = D8C166BC212BB6E800026283 /* CrawlerExtension.appex */;
			productType = "com.apple.product-type.app-extension";
		};
/* End PBXNativeTarget section */

/* Begin PBXProject section */
		D8C1667F212BB6AA00026283 /* Project object */ = {
			isa = PBXProject;
			attributes = {
				LastSwiftUpdateCheck = 0940;
				LastUpgradeCheck = 0940;
				ORGANIZATIONNAME = Joe;
				TargetAttributes = {
					D8C16686212BB6AA00026283 = {
						CreatedOnToolsVersion = 9.4;
					};
					D8C166BB212BB6E800026283 = {
						CreatedOnToolsVersion = 9.4;
					};
				};
			};
			buildConfigurationList = D8C16682212BB6AA00026283 /* Build configuration list for PBXProject "ImageCrawler" */;
			compatibilityVersion = "Xcode 9.3";
			developmentRegion = en;
			hasScannedForEncodings = 0;
			knownRegions = (
				en,
				Base,
				de,
				"zh-Hans",
				ja,
				es,
				da,
				"es-ES",
				"zh-Hant",
				vi,
				fr,
				pt,
			);
			mainGroup = D8C1667E212BB6AA00026283;
			productRefGroup = D8C16688212BB6AA00026283 /* Products */;
			projectDirPath = "";
			projectRoot = "";
			targets = (
				D8C16686212BB6AA00026283 /* ImageCrawler */,
				D8C166BB212BB6E800026283 /* CrawlerExtension */,
			);
		};
/* End PBXProject section */

/* Begin PBXResourcesBuildPhase section */
		D8C16685212BB6AA00026283 /* Resources */ = {
			isa = PBXResourcesBuildPhase;
			buildActionMask = 2147483647;
			files = (
				771EAC4D212DA90C00098B2A /* placeholder_error.png in Resources */,
				D86427DC212D68A7003C44D8 /* Media.xcassets in Resources */,
				D8C16695212BB6AD00026283 /* LaunchScreen.storyboard in Resources */,
				D8C16692212BB6AD00026283 /* Assets.xcassets in Resources */,
				771EAC4E212DA90C00098B2A /* placeholder.png in Resources */,
				D86427DA212D689C003C44D8 /* SwiftWebVC.strings in Resources */,
				D8C16690212BB6AA00026283 /* Main.storyboard in Resources */,
			);
			runOnlyForDeploymentPostprocessing = 0;
		};
		D8C166BA212BB6E800026283 /* Resources */ = {
			isa = PBXResourcesBuildPhase;
			buildActionMask = 2147483647;
			files = (
				771EAC56212DAD8D00098B2A /* placeholder_error.png in Resources */,
				771EAC57212DAD8D00098B2A /* placeholder.png in Resources */,
				D8C166D0212BB80E00026283 /* Action.js in Resources */,
				D8C166C2212BB6E800026283 /* MainInterface.storyboard in Resources */,
			);
			runOnlyForDeploymentPostprocessing = 0;
		};
/* End PBXResourcesBuildPhase section */

/* Begin PBXShellScriptBuildPhase section */
		0F36A481FF420C8F881375D1 /* [CP] Embed Pods Frameworks */ = {
			isa = PBXShellScriptBuildPhase;
			buildActionMask = 2147483647;
			files = (
			);
			inputPaths = (
				"${SRCROOT}/Pods/Target Support Files/Pods-ImageCrawler/Pods-ImageCrawler-frameworks.sh",
				"${BUILT_PRODUCTS_DIR}/ATGMediaBrowser/ATGMediaBrowser.framework",
				"${BUILT_PRODUCTS_DIR}/Kingfisher/Kingfisher.framework",
				"${BUILT_PRODUCTS_DIR}/KingfisherWebP/KingfisherWebP.framework",
				"${PODS_ROOT}/Reveal-SDK/RevealServer-14/iOS/RevealServer.framework",
				"${BUILT_PRODUCTS_DIR}/libwebp/libwebp.framework",
			);
			name = "[CP] Embed Pods Frameworks";
			outputPaths = (
				"${TARGET_BUILD_DIR}/${FRAMEWORKS_FOLDER_PATH}/ATGMediaBrowser.framework",
				"${TARGET_BUILD_DIR}/${FRAMEWORKS_FOLDER_PATH}/Kingfisher.framework",
				"${TARGET_BUILD_DIR}/${FRAMEWORKS_FOLDER_PATH}/KingfisherWebP.framework",
				"${TARGET_BUILD_DIR}/${FRAMEWORKS_FOLDER_PATH}/RevealServer.framework",
				"${TARGET_BUILD_DIR}/${FRAMEWORKS_FOLDER_PATH}/libwebp.framework",
			);
			runOnlyForDeploymentPostprocessing = 0;
			shellPath = /bin/sh;
			shellScript = "\"${SRCROOT}/Pods/Target Support Files/Pods-ImageCrawler/Pods-ImageCrawler-frameworks.sh\"\n";
			showEnvVarsInLog = 0;
		};
		92DA212587FA6E47798CCA1B /* [CP] Check Pods Manifest.lock */ = {
			isa = PBXShellScriptBuildPhase;
			buildActionMask = 2147483647;
			files = (
			);
			inputPaths = (
				"${PODS_PODFILE_DIR_PATH}/Podfile.lock",
				"${PODS_ROOT}/Manifest.lock",
			);
			name = "[CP] Check Pods Manifest.lock";
			outputPaths = (
				"$(DERIVED_FILE_DIR)/Pods-CrawlerExtension-checkManifestLockResult.txt",
			);
			runOnlyForDeploymentPostprocessing = 0;
			shellPath = /bin/sh;
			shellScript = "diff \"${PODS_PODFILE_DIR_PATH}/Podfile.lock\" \"${PODS_ROOT}/Manifest.lock\" > /dev/null\nif [ $? != 0 ] ; then\n    # print error to STDERR\n    echo \"error: The sandbox is not in sync with the Podfile.lock. Run 'pod install' or update your CocoaPods installation.\" >&2\n    exit 1\nfi\n# This output is used by Xcode 'outputs' to avoid re-running this script phase.\necho \"SUCCESS\" > \"${SCRIPT_OUTPUT_FILE_0}\"\n";
			showEnvVarsInLog = 0;
		};
		9D71521F7E87B66ECB5DFD6B /* [CP] Check Pods Manifest.lock */ = {
			isa = PBXShellScriptBuildPhase;
			buildActionMask = 2147483647;
			files = (
			);
			inputPaths = (
				"${PODS_PODFILE_DIR_PATH}/Podfile.lock",
				"${PODS_ROOT}/Manifest.lock",
			);
			name = "[CP] Check Pods Manifest.lock";
			outputPaths = (
				"$(DERIVED_FILE_DIR)/Pods-ImageCrawler-checkManifestLockResult.txt",
			);
			runOnlyForDeploymentPostprocessing = 0;
			shellPath = /bin/sh;
			shellScript = "diff \"${PODS_PODFILE_DIR_PATH}/Podfile.lock\" \"${PODS_ROOT}/Manifest.lock\" > /dev/null\nif [ $? != 0 ] ; then\n    # print error to STDERR\n    echo \"error: The sandbox is not in sync with the Podfile.lock. Run 'pod install' or update your CocoaPods installation.\" >&2\n    exit 1\nfi\n# This output is used by Xcode 'outputs' to avoid re-running this script phase.\necho \"SUCCESS\" > \"${SCRIPT_OUTPUT_FILE_0}\"\n";
			showEnvVarsInLog = 0;
		};
/* End PBXShellScriptBuildPhase section */

/* Begin PBXSourcesBuildPhase section */
		D8C16683212BB6AA00026283 /* Sources */ = {
			isa = PBXSourcesBuildPhase;
			buildActionMask = 2147483647;
			files = (
				771EAC4A212DA90C00098B2A /* ImagesViewController.swift in Sources */,
				D86427CC212D688B003C44D8 /* SwiftWebVCActivitySafari.swift in Sources */,
				D86427CA212D688B003C44D8 /* SwiftWebVCActivity.swift in Sources */,
				D8C1668D212BB6AA00026283 /* HomeViewController.swift in Sources */,
				771EAC49212DA90C00098B2A /* GridFlowLayout.swift in Sources */,
				D86427C2212D5EDA003C44D8 /* WebViewController.swift in Sources */,
				771EAC4C212DA90C00098B2A /* UIView+Layout.swift in Sources */,
				D8C1668B212BB6AA00026283 /* AppDelegate.swift in Sources */,
				D86427CB212D688B003C44D8 /* SwiftWebVCActivityChrome.swift in Sources */,
				D86427C6212D6885003C44D8 /* SwiftWebVC.swift in Sources */,
				771EAC4B212DA90C00098B2A /* ImageCell.swift in Sources */,
			);
			runOnlyForDeploymentPostprocessing = 0;
		};
		D8C166B8212BB6E800026283 /* Sources */ = {
			isa = PBXSourcesBuildPhase;
			buildActionMask = 2147483647;
			files = (
				771EAC53212DAD8D00098B2A /* ImagesViewController.swift in Sources */,
				771EAC54212DAD8D00098B2A /* ImageCell.swift in Sources */,
				D8C166BF212BB6E800026283 /* ActionViewController.swift in Sources */,
				771EAC52212DAD8900098B2A /* GridFlowLayout.swift in Sources */,
				771EAC55212DAD8D00098B2A /* UIView+Layout.swift in Sources */,
			);
			runOnlyForDeploymentPostprocessing = 0;
		};
/* End PBXSourcesBuildPhase section */

/* Begin PBXTargetDependency section */
		D8C166C5212BB6E800026283 /* PBXTargetDependency */ = {
			isa = PBXTargetDependency;
			target = D8C166BB212BB6E800026283 /* CrawlerExtension */;
			targetProxy = D8C166C4212BB6E800026283 /* PBXContainerItemProxy */;
		};
/* End PBXTargetDependency section */

/* Begin PBXVariantGroup section */
		D86427CE212D689B003C44D8 /* SwiftWebVC.strings */ = {
			isa = PBXVariantGroup;
			children = (
				D86427CF212D689B003C44D8 /* de */,
				D86427D0212D689B003C44D8 /* zh-Hans */,
				D86427D1212D689B003C44D8 /* ja */,
				D86427D2212D689B003C44D8 /* en */,
				D86427D3212D689B003C44D8 /* es */,
				D86427D4212D689B003C44D8 /* da */,
				D86427D5212D689B003C44D8 /* es-ES */,
				D86427D6212D689B003C44D8 /* zh-Hant */,
				D86427D7212D689B003C44D8 /* vi */,
				D86427D8212D689B003C44D8 /* fr */,
				D86427D9212D689B003C44D8 /* pt */,
			);
			name = SwiftWebVC.strings;
			sourceTree = "<group>";
		};
		D8C1668E212BB6AA00026283 /* Main.storyboard */ = {
			isa = PBXVariantGroup;
			children = (
				D8C1668F212BB6AA00026283 /* Base */,
			);
			name = Main.storyboard;
			sourceTree = "<group>";
		};
		D8C16693212BB6AD00026283 /* LaunchScreen.storyboard */ = {
			isa = PBXVariantGroup;
			children = (
				D8C16694212BB6AD00026283 /* Base */,
			);
			name = LaunchScreen.storyboard;
			sourceTree = "<group>";
		};
		D8C166C0212BB6E800026283 /* MainInterface.storyboard */ = {
			isa = PBXVariantGroup;
			children = (
				D8C166C1212BB6E800026283 /* Base */,
			);
			name = MainInterface.storyboard;
			sourceTree = "<group>";
		};
/* End PBXVariantGroup section */

/* Begin XCBuildConfiguration section */
		D8C166AD212BB6AD00026283 /* Debug */ = {
			isa = XCBuildConfiguration;
			buildSettings = {
				ALWAYS_SEARCH_USER_PATHS = NO;
				CLANG_ANALYZER_NONNULL = YES;
				CLANG_ANALYZER_NUMBER_OBJECT_CONVERSION = YES_AGGRESSIVE;
				CLANG_CXX_LANGUAGE_STANDARD = "gnu++14";
				CLANG_CXX_LIBRARY = "libc++";
				CLANG_ENABLE_MODULES = YES;
				CLANG_ENABLE_OBJC_ARC = YES;
				CLANG_ENABLE_OBJC_WEAK = YES;
				CLANG_WARN_BLOCK_CAPTURE_AUTORELEASING = YES;
				CLANG_WARN_BOOL_CONVERSION = YES;
				CLANG_WARN_COMMA = YES;
				CLANG_WARN_CONSTANT_CONVERSION = YES;
				CLANG_WARN_DEPRECATED_OBJC_IMPLEMENTATIONS = YES;
				CLANG_WARN_DIRECT_OBJC_ISA_USAGE = YES_ERROR;
				CLANG_WARN_DOCUMENTATION_COMMENTS = YES;
				CLANG_WARN_EMPTY_BODY = YES;
				CLANG_WARN_ENUM_CONVERSION = YES;
				CLANG_WARN_INFINITE_RECURSION = YES;
				CLANG_WARN_INT_CONVERSION = YES;
				CLANG_WARN_NON_LITERAL_NULL_CONVERSION = YES;
				CLANG_WARN_OBJC_IMPLICIT_RETAIN_SELF = YES;
				CLANG_WARN_OBJC_LITERAL_CONVERSION = YES;
				CLANG_WARN_OBJC_ROOT_CLASS = YES_ERROR;
				CLANG_WARN_RANGE_LOOP_ANALYSIS = YES;
				CLANG_WARN_STRICT_PROTOTYPES = YES;
				CLANG_WARN_SUSPICIOUS_MOVE = YES;
				CLANG_WARN_UNGUARDED_AVAILABILITY = YES_AGGRESSIVE;
				CLANG_WARN_UNREACHABLE_CODE = YES;
				CLANG_WARN__DUPLICATE_METHOD_MATCH = YES;
				CODE_SIGN_IDENTITY = "iPhone Developer";
				COPY_PHASE_STRIP = NO;
				DEBUG_INFORMATION_FORMAT = dwarf;
				ENABLE_STRICT_OBJC_MSGSEND = YES;
				ENABLE_TESTABILITY = YES;
				GCC_C_LANGUAGE_STANDARD = gnu11;
				GCC_DYNAMIC_NO_PIC = NO;
				GCC_NO_COMMON_BLOCKS = YES;
				GCC_OPTIMIZATION_LEVEL = 0;
				GCC_PREPROCESSOR_DEFINITIONS = (
					"DEBUG=1",
					"$(inherited)",
				);
				GCC_WARN_64_TO_32_BIT_CONVERSION = YES;
				GCC_WARN_ABOUT_RETURN_TYPE = YES_ERROR;
				GCC_WARN_UNDECLARED_SELECTOR = YES;
				GCC_WARN_UNINITIALIZED_AUTOS = YES_AGGRESSIVE;
				GCC_WARN_UNUSED_FUNCTION = YES;
				GCC_WARN_UNUSED_VARIABLE = YES;
				IPHONEOS_DEPLOYMENT_TARGET = 11.4;
				MTL_ENABLE_DEBUG_INFO = YES;
				ONLY_ACTIVE_ARCH = YES;
				SDKROOT = iphoneos;
				SWIFT_ACTIVE_COMPILATION_CONDITIONS = DEBUG;
				SWIFT_OPTIMIZATION_LEVEL = "-Onone";
			};
			name = Debug;
		};
		D8C166AE212BB6AD00026283 /* Release */ = {
			isa = XCBuildConfiguration;
			buildSettings = {
				ALWAYS_SEARCH_USER_PATHS = NO;
				CLANG_ANALYZER_NONNULL = YES;
				CLANG_ANALYZER_NUMBER_OBJECT_CONVERSION = YES_AGGRESSIVE;
				CLANG_CXX_LANGUAGE_STANDARD = "gnu++14";
				CLANG_CXX_LIBRARY = "libc++";
				CLANG_ENABLE_MODULES = YES;
				CLANG_ENABLE_OBJC_ARC = YES;
				CLANG_ENABLE_OBJC_WEAK = YES;
				CLANG_WARN_BLOCK_CAPTURE_AUTORELEASING = YES;
				CLANG_WARN_BOOL_CONVERSION = YES;
				CLANG_WARN_COMMA = YES;
				CLANG_WARN_CONSTANT_CONVERSION = YES;
				CLANG_WARN_DEPRECATED_OBJC_IMPLEMENTATIONS = YES;
				CLANG_WARN_DIRECT_OBJC_ISA_USAGE = YES_ERROR;
				CLANG_WARN_DOCUMENTATION_COMMENTS = YES;
				CLANG_WARN_EMPTY_BODY = YES;
				CLANG_WARN_ENUM_CONVERSION = YES;
				CLANG_WARN_INFINITE_RECURSION = YES;
				CLANG_WARN_INT_CONVERSION = YES;
				CLANG_WARN_NON_LITERAL_NULL_CONVERSION = YES;
				CLANG_WARN_OBJC_IMPLICIT_RETAIN_SELF = YES;
				CLANG_WARN_OBJC_LITERAL_CONVERSION = YES;
				CLANG_WARN_OBJC_ROOT_CLASS = YES_ERROR;
				CLANG_WARN_RANGE_LOOP_ANALYSIS = YES;
				CLANG_WARN_STRICT_PROTOTYPES = YES;
				CLANG_WARN_SUSPICIOUS_MOVE = YES;
				CLANG_WARN_UNGUARDED_AVAILABILITY = YES_AGGRESSIVE;
				CLANG_WARN_UNREACHABLE_CODE = YES;
				CLANG_WARN__DUPLICATE_METHOD_MATCH = YES;
				CODE_SIGN_IDENTITY = "iPhone Developer";
				COPY_PHASE_STRIP = NO;
				DEBUG_INFORMATION_FORMAT = "dwarf-with-dsym";
				ENABLE_NS_ASSERTIONS = NO;
				ENABLE_STRICT_OBJC_MSGSEND = YES;
				GCC_C_LANGUAGE_STANDARD = gnu11;
				GCC_NO_COMMON_BLOCKS = YES;
				GCC_WARN_64_TO_32_BIT_CONVERSION = YES;
				GCC_WARN_ABOUT_RETURN_TYPE = YES_ERROR;
				GCC_WARN_UNDECLARED_SELECTOR = YES;
				GCC_WARN_UNINITIALIZED_AUTOS = YES_AGGRESSIVE;
				GCC_WARN_UNUSED_FUNCTION = YES;
				GCC_WARN_UNUSED_VARIABLE = YES;
				IPHONEOS_DEPLOYMENT_TARGET = 11.4;
				MTL_ENABLE_DEBUG_INFO = NO;
				SDKROOT = iphoneos;
				SWIFT_COMPILATION_MODE = wholemodule;
				SWIFT_OPTIMIZATION_LEVEL = "-O";
				VALIDATE_PRODUCT = YES;
			};
			name = Release;
		};
		D8C166B0212BB6AD00026283 /* Debug */ = {
			isa = XCBuildConfiguration;
			baseConfigurationReference = 02A38D58E328D87938820E02 /* Pods-ImageCrawler.debug.xcconfig */;
			buildSettings = {
				ALWAYS_EMBED_SWIFT_STANDARD_LIBRARIES = YES;
				ASSETCATALOG_COMPILER_APPICON_NAME = AppIcon;
				CODE_SIGN_STYLE = Automatic;
				DEVELOPMENT_TEAM = T8CE5P8P3Y;
				FRAMEWORK_SEARCH_PATHS = (
					"$(inherited)",
					"$(PROJECT_DIR)/Core",
				);
				INFOPLIST_FILE = ImageCrawler/Info.plist;
				IPHONEOS_DEPLOYMENT_TARGET = 9.0;
				LD_RUNPATH_SEARCH_PATHS = (
					"$(inherited)",
					"@executable_path/Frameworks",
				);
				PRODUCT_BUNDLE_IDENTIFIER = com.aidevjoe.ImageCrawler;
				PRODUCT_NAME = "$(TARGET_NAME)";
				SWIFT_VERSION = 4.0;
				TARGETED_DEVICE_FAMILY = "1,2";
			};
			name = Debug;
		};
		D8C166B1212BB6AD00026283 /* Release */ = {
			isa = XCBuildConfiguration;
			baseConfigurationReference = 8F7CCE661F6809A06522AF92 /* Pods-ImageCrawler.release.xcconfig */;
			buildSettings = {
				ALWAYS_EMBED_SWIFT_STANDARD_LIBRARIES = YES;
				ASSETCATALOG_COMPILER_APPICON_NAME = AppIcon;
				CODE_SIGN_STYLE = Automatic;
				DEVELOPMENT_TEAM = T8CE5P8P3Y;
				FRAMEWORK_SEARCH_PATHS = (
					"$(inherited)",
					"$(PROJECT_DIR)/Core",
				);
				INFOPLIST_FILE = ImageCrawler/Info.plist;
				IPHONEOS_DEPLOYMENT_TARGET = 9.0;
				LD_RUNPATH_SEARCH_PATHS = (
					"$(inherited)",
					"@executable_path/Frameworks",
				);
				PRODUCT_BUNDLE_IDENTIFIER = com.aidevjoe.ImageCrawler;
				PRODUCT_NAME = "$(TARGET_NAME)";
				SWIFT_VERSION = 4.0;
				TARGETED_DEVICE_FAMILY = "1,2";
			};
			name = Release;
		};
		D8C166C8212BB6E800026283 /* Debug */ = {
			isa = XCBuildConfiguration;
			baseConfigurationReference = 29CF1AC9902C83DD55373976 /* Pods-CrawlerExtension.debug.xcconfig */;
			buildSettings = {
				CODE_SIGN_STYLE = Automatic;
				DEVELOPMENT_TEAM = T8CE5P8P3Y;
				FRAMEWORK_SEARCH_PATHS = (
					"$(inherited)",
					"$(PROJECT_DIR)/Core",
				);
				INFOPLIST_FILE = CrawlerExtension/Info.plist;
				IPHONEOS_DEPLOYMENT_TARGET = 9.0;
				LD_RUNPATH_SEARCH_PATHS = (
					"$(inherited)",
					"@executable_path/Frameworks",
					"@executable_path/../../Frameworks",
				);
				PRODUCT_BUNDLE_IDENTIFIER = com.aidevjoe.ImageCrawler.CrawlerExtension;
				PRODUCT_NAME = "$(TARGET_NAME)";
				SKIP_INSTALL = YES;
				SWIFT_VERSION = 4.0;
				TARGETED_DEVICE_FAMILY = "1,2";
			};
			name = Debug;
		};
		D8C166C9212BB6E800026283 /* Release */ = {
			isa = XCBuildConfiguration;
			baseConfigurationReference = 9C730C5B217258A8E7A074D0 /* Pods-CrawlerExtension.release.xcconfig */;
			buildSettings = {
				CODE_SIGN_STYLE = Automatic;
				DEVELOPMENT_TEAM = T8CE5P8P3Y;
				FRAMEWORK_SEARCH_PATHS = (
					"$(inherited)",
					"$(PROJECT_DIR)/Core",
				);
				INFOPLIST_FILE = CrawlerExtension/Info.plist;
				IPHONEOS_DEPLOYMENT_TARGET = 9.0;
				LD_RUNPATH_SEARCH_PATHS = (
					"$(inherited)",
					"@executable_path/Frameworks",
					"@executable_path/../../Frameworks",
				);
				PRODUCT_BUNDLE_IDENTIFIER = com.aidevjoe.ImageCrawler.CrawlerExtension;
				PRODUCT_NAME = "$(TARGET_NAME)";
				SKIP_INSTALL = YES;
				SWIFT_VERSION = 4.0;
				TARGETED_DEVICE_FAMILY = "1,2";
			};
			name = Release;
		};
/* End XCBuildConfiguration section */

/* Begin XCConfigurationList section */
		D8C16682212BB6AA00026283 /* Build configuration list for PBXProject "ImageCrawler" */ = {
			isa = XCConfigurationList;
			buildConfigurations = (
				D8C166AD212BB6AD00026283 /* Debug */,
				D8C166AE212BB6AD00026283 /* Release */,
			);
			defaultConfigurationIsVisible = 0;
			defaultConfigurationName = Release;
		};
		D8C166AF212BB6AD00026283 /* Build configuration list for PBXNativeTarget "ImageCrawler" */ = {
			isa = XCConfigurationList;
			buildConfigurations = (
				D8C166B0212BB6AD00026283 /* Debug */,
				D8C166B1212BB6AD00026283 /* Release */,
			);
			defaultConfigurationIsVisible = 0;
			defaultConfigurationName = Release;
		};
		D8C166C7212BB6E800026283 /* Build configuration list for PBXNativeTarget "CrawlerExtension" */ = {
			isa = XCConfigurationList;
			buildConfigurations = (
				D8C166C8212BB6E800026283 /* Debug */,
				D8C166C9212BB6E800026283 /* Release */,
			);
			defaultConfigurationIsVisible = 0;
			defaultConfigurationName = Release;
		};
/* End XCConfigurationList section */
	};
	rootObject = D8C1667F212BB6AA00026283 /* Project object */;
}
